
Microsoft Visual Studio Solution File, Format Version 12.00
# Visual Studio 14
VisualStudioVersion = 14.0.23107.0
MinimumVisualStudioVersion = 10.0.40219.1
Project("{FAE04EC0-301F-11D3-BF4B-00C04F79EFBC}") = "ProductsSystem.Models", "ProductsSystem.Models\ProductsSystem.Models.csproj", "{EA8C9B80-6F55-40A0-9DB7-1F90A0184665}"
EndProject
Project("{FAE04EC0-301F-11D3-BF4B-00C04F79EFBC}") = "ProductsSystem.Data", "ProductsSystem.Data\ProductsSystem.Data.csproj", "{319CCF47-0C39-49DA-82A0-83A344042C28}"
EndProject
Project("{FAE04EC0-301F-11D3-BF4B-00C04F79EFBC}") = "ProductsSystem.Client", "ProductsSystem.Client\ProductsSystem.Client.csproj", "{8C4363D2-2838-43D7-ADA1-D474A65003A4}"
EndProject
Global
	GlobalSection(SolutionConfigurationPlatforms) = preSolution
		Debug|Any CPU = Debug|Any CPU
		Release|Any CPU = Release|Any CPU
	EndGlobalSection
	GlobalSection(ProjectConfigurationPlatforms) = postSolution
		{EA8C9B80-6F55-40A0-9DB7-1F90A0184665}.Debug|Any CPU.ActiveCfg = Debug|Any CPU
		{EA8C9B80-6F55-40A0-9DB7-1F90A0184665}.Debug|Any CPU.Build.0 = Debug|Any CPU
		{EA8C9B80-6F55-40A0-9DB7-1F90A0184665}.Release|Any CPU.ActiveCfg = Release|Any CPU
		{EA8C9B80-6F55-40A0-9DB7-1F90A0184665}.Release|Any CPU.Build.0 = Release|Any CPU
		{319CCF47-0C39-49DA-82A0-83A344042C28}.Debug|Any CPU.ActiveCfg = Debug|Any CPU
		{319CCF47-0C39-49DA-82A0-83A344042C28}.Debug|Any CPU.Build.0 = Debug|Any CPU
		{319CCF47-0C39-49DA-82A0-83A344042C28}.Release|Any CPU.ActiveCfg = Release|Any CPU
		{319CCF47-0C39-49DA-82A0-83A344042C28}.Release|Any CPU.Build.0 = Release|Any CPU
		{8C4363D2-2838-43D7-ADA1-D474A65003A4}.Debug|Any CPU.ActiveCfg = Debug|Any CPU
		{8C4363D2-2838-43D7-ADA1-D474A65003A4}.Debug|Any CPU.Build.0 = Debug|Any CPU
		{8C4363D2-2838-43D7-ADA1-D474A65003A4}.Release|Any CPU.ActiveCfg = Release|Any CPU
		{8C4363D2-2838-43D7-ADA1-D474A65003A4}.Release|Any CPU.Build.0 = Release|Any CPU
	EndGlobalSection
	GlobalSection(SolutionProperties) = preSolution
		HideSolutionNode = FALSE
	EndGlobalSection
EndGlobal
